
Microsoft Visual Studio Solution File, Format Version 12.00
# Visual Studio Version 17
VisualStudioVersion = 17.4.33213.308
MinimumVisualStudioVersion = 10.0.40219.1
Project("{9A19103F-16F7-4668-BE54-9A1E7A4F7556}") = "Datos Personales", "Datos Personales\Datos Personales.csproj", "{5D78139F-536C-4363-BB4D-6462AEF5B043}"
EndProject
Project("{9A19103F-16F7-4668-BE54-9A1E7A4F7556}") = "MasterMind-CombinacionNumerica", "MasterMind-CombinacionNumerica\MasterMind-CombinacionNumerica.csproj", "{CDAD80A7-ACE6-47AD-B0E3-E6D2B878E0CC}"
EndProject
Project("{9A19103F-16F7-4668-BE54-9A1E7A4F7556}") = "AdivinaElNumero", "AdivinaElNumero\AdivinaElNumero.csproj", "{DEECC015-B58F-47BC-ADFB-65AC221ABEFE}"
EndProject
Project("{2150E333-8FDC-42A3-9474-1A3956D46DE8}") = "Ultimos Ejercicios", "Ultimos Ejercicios", "{7EAAB65A-1BFE-4317-AFB1-116812C449B2}"
EndProject
Project("{9A19103F-16F7-4668-BE54-9A1E7A4F7556}") = "DatosLibros", "DatosLibros\DatosLibros.csproj", "{BB83FC11-CC28-40B9-ACDE-F78A3898D63D}"
EndProject
Project("{9A19103F-16F7-4668-BE54-9A1E7A4F7556}") = "Pinacoteca", "Pinacoteca\Pinacoteca.csproj", "{249457A3-F363-4F06-8595-C34D13F07462}"
EndProject
Project("{FAE04EC0-301F-11D3-BF4B-00C04F79EFBC}") = "AgendaMVVM", "AgendaMVVM\AgendaMVVM.csproj", "{A3A9494A-E238-421A-95E8-9564CD8E1FD2}"
EndProject
Global
	GlobalSection(SolutionConfigurationPlatforms) = preSolution
		Debug|Any CPU = Debug|Any CPU
		Release|Any CPU = Release|Any CPU
	EndGlobalSection
	GlobalSection(ProjectConfigurationPlatforms) = postSolution
		{5D78139F-536C-4363-BB4D-6462AEF5B043}.Debug|Any CPU.ActiveCfg = Debug|Any CPU
		{5D78139F-536C-4363-BB4D-6462AEF5B043}.Debug|Any CPU.Build.0 = Debug|Any CPU
		{5D78139F-536C-4363-BB4D-6462AEF5B043}.Release|Any CPU.ActiveCfg = Release|Any CPU
		{5D78139F-536C-4363-BB4D-6462AEF5B043}.Release|Any CPU.Build.0 = Release|Any CPU
		{CDAD80A7-ACE6-47AD-B0E3-E6D2B878E0CC}.Debug|Any CPU.ActiveCfg = Debug|Any CPU
		{CDAD80A7-ACE6-47AD-B0E3-E6D2B878E0CC}.Debug|Any CPU.Build.0 = Debug|Any CPU
		{CDAD80A7-ACE6-47AD-B0E3-E6D2B878E0CC}.Release|Any CPU.ActiveCfg = Release|Any CPU
		{CDAD80A7-ACE6-47AD-B0E3-E6D2B878E0CC}.Release|Any CPU.Build.0 = Release|Any CPU
		{DEECC015-B58F-47BC-ADFB-65AC221ABEFE}.Debug|Any CPU.ActiveCfg = Debug|Any CPU
		{DEECC015-B58F-47BC-ADFB-65AC221ABEFE}.Debug|Any CPU.Build.0 = Debug|Any CPU
		{DEECC015-B58F-47BC-ADFB-65AC221ABEFE}.Release|Any CPU.ActiveCfg = Release|Any CPU
		{DEECC015-B58F-47BC-ADFB-65AC221ABEFE}.Release|Any CPU.Build.0 = Release|Any CPU
		{BB83FC11-CC28-40B9-ACDE-F78A3898D63D}.Debug|Any CPU.ActiveCfg = Debug|Any CPU
		{BB83FC11-CC28-40B9-ACDE-F78A3898D63D}.Debug|Any CPU.Build.0 = Debug|Any CPU
		{BB83FC11-CC28-40B9-ACDE-F78A3898D63D}.Release|Any CPU.ActiveCfg = Release|Any CPU
		{BB83FC11-CC28-40B9-ACDE-F78A3898D63D}.Release|Any CPU.Build.0 = Release|Any CPU
		{249457A3-F363-4F06-8595-C34D13F07462}.Debug|Any CPU.ActiveCfg = Debug|Any CPU
		{249457A3-F363-4F06-8595-C34D13F07462}.Debug|Any CPU.Build.0 = Debug|Any CPU
		{249457A3-F363-4F06-8595-C34D13F07462}.Release|Any CPU.ActiveCfg = Release|Any CPU
		{249457A3-F363-4F06-8595-C34D13F07462}.Release|Any CPU.Build.0 = Release|Any CPU
		{A3A9494A-E238-421A-95E8-9564CD8E1FD2}.Debug|Any CPU.ActiveCfg = Debug|Any CPU
		{A3A9494A-E238-421A-95E8-9564CD8E1FD2}.Debug|Any CPU.Build.0 = Debug|Any CPU
		{A3A9494A-E238-421A-95E8-9564CD8E1FD2}.Release|Any CPU.ActiveCfg = Release|Any CPU
		{A3A9494A-E238-421A-95E8-9564CD8E1FD2}.Release|Any CPU.Build.0 = Release|Any CPU
	EndGlobalSection
	GlobalSection(SolutionProperties) = preSolution
		HideSolutionNode = FALSE
	EndGlobalSection
	GlobalSection(NestedProjects) = preSolution
		{BB83FC11-CC28-40B9-ACDE-F78A3898D63D} = {7EAAB65A-1BFE-4317-AFB1-116812C449B2}
		{249457A3-F363-4F06-8595-C34D13F07462} = {7EAAB65A-1BFE-4317-AFB1-116812C449B2}
	EndGlobalSection
	GlobalSection(ExtensibilityGlobals) = postSolution
		SolutionGuid = {9CB59998-41A2-4EBD-99D3-29738D6ADDFD}
	EndGlobalSection
EndGlobal
